
Microsoft Visual Studio Solution File, Format Version 12.00
# Visual Studio Version 16
VisualStudioVersion = 16.0.30517.126
MinimumVisualStudioVersion = 10.0.40219.1
Project("{FAE04EC0-301F-11D3-BF4B-00C04F79EFBC}") = "MainApp", "MainApp\MainApp.csproj", "{1F388F0D-3EDE-4AE3-842F-671590031081}"
EndProject
Project("{FAE04EC0-301F-11D3-BF4B-00C04F79EFBC}") = "MainApp.Test", "MainApp.Test\MainApp.Test.csproj", "{286F472F-7333-48BA-B7CA-24B723E28CC6}"
EndProject
Global
	GlobalSection(SolutionConfigurationPlatforms) = preSolution
		Debug|Any CPU = Debug|Any CPU
		Release|Any CPU = Release|Any CPU
	EndGlobalSection
	GlobalSection(ProjectConfigurationPlatforms) = postSolution
		{1F388F0D-3EDE-4AE3-842F-671590031081}.Debug|Any CPU.ActiveCfg = Debug|Any CPU
		{1F388F0D-3EDE-4AE3-842F-671590031081}.Debug|Any CPU.Build.0 = Debug|Any CPU
		{1F388F0D-3EDE-4AE3-842F-671590031081}.Release|Any CPU.ActiveCfg = Release|Any CPU
		{1F388F0D-3EDE-4AE3-842F-671590031081}.Release|Any CPU.Build.0 = Release|Any CPU
		{286F472F-7333-48BA-B7CA-24B723E28CC6}.Debug|Any CPU.ActiveCfg = Debug|Any CPU
		{286F472F-7333-48BA-B7CA-24B723E28CC6}.Debug|Any CPU.Build.0 = Debug|Any CPU
		{286F472F-7333-48BA-B7CA-24B723E28CC6}.Release|Any CPU.ActiveCfg = Release|Any CPU
		{286F472F-7333-48BA-B7CA-24B723E28CC6}.Release|Any CPU.Build.0 = Release|Any CPU
	EndGlobalSection
	GlobalSection(SolutionProperties) = preSolution
		HideSolutionNode = FALSE
	EndGlobalSection
	GlobalSection(ExtensibilityGlobals) = postSolution
		SolutionGuid = {999D903C-1FA0-4BC2-AA29-B2FD5128E564}
	EndGlobalSection
EndGlobal
